Microsoft Visual Studio Solution File, Format Version 12.00
# Visual Studio Version 17
VisualStudioVersion = 17.5.2.0
MinimumVisualStudioVersion = 10.0.40219.1
Project("{FAE04EC0-301F-11D3-BF4B-00C04F79EFBC}") = "MvcApplication1", "MvcApplication1.csproj", "{57B121A3-D695-4E94-1277-223F23255147}"
EndProject
Global
	GlobalSection(SolutionConfigurationPlatforms) = preSolution
		Debug|Any CPU = Debug|Any CPU
		Release|Any CPU = Release|Any CPU
	EndGlobalSection
	GlobalSection(ProjectConfigurationPlatforms) = postSolution
		{57B121A3-D695-4E94-1277-223F23255147}.Debug|Any CPU.ActiveCfg = Debug|Any CPU
		{57B121A3-D695-4E94-1277-223F23255147}.Debug|Any CPU.Build.0 = Debug|Any CPU
		{57B121A3-D695-4E94-1277-223F23255147}.Release|Any CPU.ActiveCfg = Release|Any CPU
		{57B121A3-D695-4E94-1277-223F23255147}.Release|Any CPU.Build.0 = Release|Any CPU
	EndGlobalSection
	GlobalSection(SolutionProperties) = preSolution
		HideSolutionNode = FALSE
	EndGlobalSection
	GlobalSection(ExtensibilityGlobals) = postSolution
		SolutionGuid = {F11FC2C2-5721-4F94-903C-729743F99328}
	EndGlobalSection
EndGlobal
